
Microsoft Visual Studio Solution File, Format Version 12.00
# Visual Studio Version 17
VisualStudioVersion = 17.14.36811.4 d17.14
MinimumVisualStudioVersion = 10.0.40219.1
Project("{FAE04EC0-301F-11D3-BF4B-00C04F79EFBC}") = "TaskManagerBackend", "TaskManagerBackend\TaskManagerBackend.csproj", "{C2E94D43-2804-48F1-9A89-7980F8799B9B}"
EndProject
Global
	GlobalSection(SolutionConfigurationPlatforms) = preSolution
		Debug|Any CPU = Debug|Any CPU
		Release|Any CPU = Release|Any CPU
	EndGlobalSection
	GlobalSection(ProjectConfigurationPlatforms) = postSolution
		{C2E94D43-2804-48F1-9A89-7980F8799B9B}.Debug|Any CPU.ActiveCfg = Debug|Any CPU
		{C2E94D43-2804-48F1-9A89-7980F8799B9B}.Debug|Any CPU.Build.0 = Debug|Any CPU
		{C2E94D43-2804-48F1-9A89-7980F8799B9B}.Release|Any CPU.ActiveCfg = Release|Any CPU
		{C2E94D43-2804-48F1-9A89-7980F8799B9B}.Release|Any CPU.Build.0 = Release|Any CPU
	EndGlobalSection
	GlobalSection(SolutionProperties) = preSolution
		HideSolutionNode = FALSE
	EndGlobalSection
	GlobalSection(ExtensibilityGlobals) = postSolution
		SolutionGuid = {197CA941-0847-4EC8-9AD6-A45FF602A611}
	EndGlobalSection
EndGlobal
